
Microsoft Visual Studio Solution File, Format Version 12.00
# Visual Studio Version 17
VisualStudioVersion = 17.11.35312.102
MinimumVisualStudioVersion = 10.0.40219.1
Project("{F184B08F-C81C-45F6-A57F-5ABD9991F28F}") = "SoftBall", "SoftBall.vbproj", "{07C6A0AC-12B6-4A1A-820D-A7E117D6F08D}"
EndProject
Global
	GlobalSection(SolutionConfigurationPlatforms) = preSolution
		Debug|Any CPU = Debug|Any CPU
		Release|Any CPU = Release|Any CPU
	EndGlobalSection
	GlobalSection(ProjectConfigurationPlatforms) = postSolution
		{07C6A0AC-12B6-4A1A-820D-A7E117D6F08D}.Debug|Any CPU.ActiveCfg = Debug|Any CPU
		{07C6A0AC-12B6-4A1A-820D-A7E117D6F08D}.Debug|Any CPU.Build.0 = Debug|Any CPU
		{07C6A0AC-12B6-4A1A-820D-A7E117D6F08D}.Release|Any CPU.ActiveCfg = Release|Any CPU
		{07C6A0AC-12B6-4A1A-820D-A7E117D6F08D}.Release|Any CPU.Build.0 = Release|Any CPU
	EndGlobalSection
	GlobalSection(SolutionProperties) = preSolution
		HideSolutionNode = FALSE
	EndGlobalSection
	GlobalSection(ExtensibilityGlobals) = postSolution
		SolutionGuid = {860F3496-39DC-4604-8C79-DC1A40036629}
	EndGlobalSection
EndGlobal
